
Microsoft Visual Studio Solution File, Format Version 12.00
Project("{FAE04EC0-301F-11D3-BF4B-00C04F79EFBC}") = "Scripting.OpCodes", "Scripting.OpCodes\Scripting.OpCodes.csproj", "{4DC62042-7B69-4C1D-BC78-3C345DFE8C3A}"
EndProject
Project("{FAE04EC0-301F-11D3-BF4B-00C04F79EFBC}") = "Scripting.Opcodes.Tests", "Scripting.Opcodes.Tests\Scripting.Opcodes.Tests.csproj", "{A45ECB24-003D-4F3E-9262-302142654520}"
EndProject
Project("{FAE04EC0-301F-11D3-BF4B-00C04F79EFBC}") = "Scripting.Faker", "Scripting.Faker\Scripting.Faker.csproj", "{97E43A91-7181-45DB-B4D6-756A344771C7}"
EndProject
Global
	GlobalSection(SolutionConfigurationPlatforms) = preSolution
		Debug|Any CPU = Debug|Any CPU
		Release|Any CPU = Release|Any CPU
	EndGlobalSection
	GlobalSection(ProjectConfigurationPlatforms) = postSolution
		{4DC62042-7B69-4C1D-BC78-3C345DFE8C3A}.Debug|Any CPU.ActiveCfg = Debug|Any CPU
		{4DC62042-7B69-4C1D-BC78-3C345DFE8C3A}.Debug|Any CPU.Build.0 = Debug|Any CPU
		{4DC62042-7B69-4C1D-BC78-3C345DFE8C3A}.Release|Any CPU.ActiveCfg = Release|Any CPU
		{4DC62042-7B69-4C1D-BC78-3C345DFE8C3A}.Release|Any CPU.Build.0 = Release|Any CPU
		{A45ECB24-003D-4F3E-9262-302142654520}.Debug|Any CPU.ActiveCfg = Debug|Any CPU
		{A45ECB24-003D-4F3E-9262-302142654520}.Debug|Any CPU.Build.0 = Debug|Any CPU
		{A45ECB24-003D-4F3E-9262-302142654520}.Release|Any CPU.ActiveCfg = Release|Any CPU
		{A45ECB24-003D-4F3E-9262-302142654520}.Release|Any CPU.Build.0 = Release|Any CPU
		{97E43A91-7181-45DB-B4D6-756A344771C7}.Debug|Any CPU.ActiveCfg = Debug|Any CPU
		{97E43A91-7181-45DB-B4D6-756A344771C7}.Debug|Any CPU.Build.0 = Debug|Any CPU
		{97E43A91-7181-45DB-B4D6-756A344771C7}.Release|Any CPU.ActiveCfg = Release|Any CPU
		{97E43A91-7181-45DB-B4D6-756A344771C7}.Release|Any CPU.Build.0 = Release|Any CPU
	EndGlobalSection
EndGlobal
