
Microsoft Visual Studio Solution File, Format Version 12.00
Project("{FAE04EC0-301F-11D3-BF4B-00C04F79EFBC}") = "Scripting.OpCodes", "Scripting.OpCodes\Scripting.OpCodes.csproj", "{4DC62042-7B69-4C1D-BC78-3C345DFE8C3A}"
EndProject
Project("{FAE04EC0-301F-11D3-BF4B-00C04F79EFBC}") = "Scripting.Opcodes.Tests", "Scripting.Opcodes.Tests\Scripting.Opcodes.Tests.csproj", "{A45ECB24-003D-4F3E-9262-302142654520}"
EndProject
Project("{FAE04EC0-301F-11D3-BF4B-00C04F79EFBC}") = "Scripting.Faker", "Scripting.Faker\Scripting.Faker.csproj", "{97E43A91-7181-45DB-B4D6-756A344771C7}"
EndProject
Project("{2150E333-8FDC-42A3-9474-1A3956D46DE8}") = "Tests", "Tests", "{C3B06DA0-DEC6-4EB3-940C-0116728565D0}"
EndProject
Project("{FAE04EC0-301F-11D3-BF4B-00C04F79EFBC}") = "BtcScript.Compiler", "BtcScript.Compiler\BtcScript.Compiler.csproj", "{C2F6B40B-69B9-499A-AADD-9EB1CBA8CB97}"
EndProject
Project("{FAE04EC0-301F-11D3-BF4B-00C04F79EFBC}") = "BtcScript.Compiler.Tests", "BtcScript.Compiler.Tests\BtcScript.Compiler.Tests.csproj", "{127984CA-E33E-4327-B73C-5721BB94AF59}"
EndProject
Project("{FAE04EC0-301F-11D3-BF4B-00C04F79EFBC}") = "Scripting.Engine", "Scripting.Engine\Scripting.Engine.csproj", "{32D10C22-38B4-4668-9CD1-1969D7A04E42}"
EndProject
Project("{FAE04EC0-301F-11D3-BF4B-00C04F79EFBC}") = "BtcBitcoin.Ide", "BtcBitcoin.Ide\BtcBitcoin.Ide.csproj", "{102EA720-09E6-463A-8028-5A253B95DBC6}"
EndProject
Global
	GlobalSection(SolutionConfigurationPlatforms) = preSolution
		Debug|Any CPU = Debug|Any CPU
		Release|Any CPU = Release|Any CPU
	EndGlobalSection
	GlobalSection(ProjectConfigurationPlatforms) = postSolution
		{4DC62042-7B69-4C1D-BC78-3C345DFE8C3A}.Debug|Any CPU.ActiveCfg = Debug|Any CPU
		{4DC62042-7B69-4C1D-BC78-3C345DFE8C3A}.Debug|Any CPU.Build.0 = Debug|Any CPU
		{4DC62042-7B69-4C1D-BC78-3C345DFE8C3A}.Release|Any CPU.ActiveCfg = Release|Any CPU
		{4DC62042-7B69-4C1D-BC78-3C345DFE8C3A}.Release|Any CPU.Build.0 = Release|Any CPU
		{A45ECB24-003D-4F3E-9262-302142654520}.Debug|Any CPU.ActiveCfg = Debug|Any CPU
		{A45ECB24-003D-4F3E-9262-302142654520}.Debug|Any CPU.Build.0 = Debug|Any CPU
		{A45ECB24-003D-4F3E-9262-302142654520}.Release|Any CPU.ActiveCfg = Release|Any CPU
		{A45ECB24-003D-4F3E-9262-302142654520}.Release|Any CPU.Build.0 = Release|Any CPU
		{97E43A91-7181-45DB-B4D6-756A344771C7}.Debug|Any CPU.ActiveCfg = Debug|Any CPU
		{97E43A91-7181-45DB-B4D6-756A344771C7}.Debug|Any CPU.Build.0 = Debug|Any CPU
		{97E43A91-7181-45DB-B4D6-756A344771C7}.Release|Any CPU.ActiveCfg = Release|Any CPU
		{97E43A91-7181-45DB-B4D6-756A344771C7}.Release|Any CPU.Build.0 = Release|Any CPU
		{C2F6B40B-69B9-499A-AADD-9EB1CBA8CB97}.Debug|Any CPU.ActiveCfg = Debug|Any CPU
		{C2F6B40B-69B9-499A-AADD-9EB1CBA8CB97}.Debug|Any CPU.Build.0 = Debug|Any CPU
		{C2F6B40B-69B9-499A-AADD-9EB1CBA8CB97}.Release|Any CPU.ActiveCfg = Release|Any CPU
		{C2F6B40B-69B9-499A-AADD-9EB1CBA8CB97}.Release|Any CPU.Build.0 = Release|Any CPU
		{127984CA-E33E-4327-B73C-5721BB94AF59}.Debug|Any CPU.ActiveCfg = Debug|Any CPU
		{127984CA-E33E-4327-B73C-5721BB94AF59}.Debug|Any CPU.Build.0 = Debug|Any CPU
		{127984CA-E33E-4327-B73C-5721BB94AF59}.Release|Any CPU.ActiveCfg = Release|Any CPU
		{127984CA-E33E-4327-B73C-5721BB94AF59}.Release|Any CPU.Build.0 = Release|Any CPU
		{32D10C22-38B4-4668-9CD1-1969D7A04E42}.Debug|Any CPU.ActiveCfg = Debug|Any CPU
		{32D10C22-38B4-4668-9CD1-1969D7A04E42}.Debug|Any CPU.Build.0 = Debug|Any CPU
		{32D10C22-38B4-4668-9CD1-1969D7A04E42}.Release|Any CPU.ActiveCfg = Release|Any CPU
		{32D10C22-38B4-4668-9CD1-1969D7A04E42}.Release|Any CPU.Build.0 = Release|Any CPU
		{102EA720-09E6-463A-8028-5A253B95DBC6}.Debug|Any CPU.ActiveCfg = Debug|Any CPU
		{102EA720-09E6-463A-8028-5A253B95DBC6}.Debug|Any CPU.Build.0 = Debug|Any CPU
		{102EA720-09E6-463A-8028-5A253B95DBC6}.Release|Any CPU.ActiveCfg = Release|Any CPU
		{102EA720-09E6-463A-8028-5A253B95DBC6}.Release|Any CPU.Build.0 = Release|Any CPU
	EndGlobalSection
	GlobalSection(NestedProjects) = preSolution
		{A45ECB24-003D-4F3E-9262-302142654520} = {C3B06DA0-DEC6-4EB3-940C-0116728565D0}
		{127984CA-E33E-4327-B73C-5721BB94AF59} = {C3B06DA0-DEC6-4EB3-940C-0116728565D0}
	EndGlobalSection
EndGlobal
